
Microsoft Visual Studio Solution File, Format Version 12.00
# Visual Studio Version 17
VisualStudioVersion = 17.11.35327.3
MinimumVisualStudioVersion = 10.0.40219.1
Project("{9A19103F-16F7-4668-BE54-9A1E7A4F7556}") = "MongoDbRepoGeneric", "MongoDbRepoGeneric\MongoDbRepoGeneric.csproj", "{0D1439E0-23A2-4356-8AFC-43BE2CA0F8C3}"
EndProject
Project("{9A19103F-16F7-4668-BE54-9A1E7A4F7556}") = "App.API", "App.API\App.API.csproj", "{F621F159-3640-4717-ABA3-FC555BBFAF90}"
EndProject
Global
	GlobalSection(SolutionConfigurationPlatforms) = preSolution
		Debug|Any CPU = Debug|Any CPU
		Release|Any CPU = Release|Any CPU
	EndGlobalSection
	GlobalSection(ProjectConfigurationPlatforms) = postSolution
		{0D1439E0-23A2-4356-8AFC-43BE2CA0F8C3}.Debug|Any CPU.ActiveCfg = Debug|Any CPU
		{0D1439E0-23A2-4356-8AFC-43BE2CA0F8C3}.Debug|Any CPU.Build.0 = Debug|Any CPU
		{0D1439E0-23A2-4356-8AFC-43BE2CA0F8C3}.Release|Any CPU.ActiveCfg = Release|Any CPU
		{0D1439E0-23A2-4356-8AFC-43BE2CA0F8C3}.Release|Any CPU.Build.0 = Release|Any CPU
		{F621F159-3640-4717-ABA3-FC555BBFAF90}.Debug|Any CPU.ActiveCfg = Debug|Any CPU
		{F621F159-3640-4717-ABA3-FC555BBFAF90}.Debug|Any CPU.Build.0 = Debug|Any CPU
		{F621F159-3640-4717-ABA3-FC555BBFAF90}.Release|Any CPU.ActiveCfg = Release|Any CPU
		{F621F159-3640-4717-ABA3-FC555BBFAF90}.Release|Any CPU.Build.0 = Release|Any CPU
	EndGlobalSection
	GlobalSection(SolutionProperties) = preSolution
		HideSolutionNode = FALSE
	EndGlobalSection
	GlobalSection(ExtensibilityGlobals) = postSolution
		SolutionGuid = {3DB7A478-EF12-4230-8D2E-76FFAAFA2BEA}
	EndGlobalSection
EndGlobal
